
Microsoft Visual Studio Solution File, Format Version 12.00
# Visual Studio Version 17
VisualStudioVersion = 17.4.33213.308
MinimumVisualStudioVersion = 10.0.40219.1
Project("{FAE04EC0-301F-11D3-BF4B-00C04F79EFBC}") = "ThirdMVCAppDemo", "ThirdMVCAppDemo.csproj", "{C6ACFB02-AE8A-49B7-B530-648FB8D8C418}"
EndProject
Global
	GlobalSection(SolutionConfigurationPlatforms) = preSolution
		Debug|Any CPU = Debug|Any CPU
		Release|Any CPU = Release|Any CPU
	EndGlobalSection
	GlobalSection(ProjectConfigurationPlatforms) = postSolution
		{C6ACFB02-AE8A-49B7-B530-648FB8D8C418}.Debug|Any CPU.ActiveCfg = Debug|Any CPU
		{C6ACFB02-AE8A-49B7-B530-648FB8D8C418}.Debug|Any CPU.Build.0 = Debug|Any CPU
		{C6ACFB02-AE8A-49B7-B530-648FB8D8C418}.Release|Any CPU.ActiveCfg = Release|Any CPU
		{C6ACFB02-AE8A-49B7-B530-648FB8D8C418}.Release|Any CPU.Build.0 = Release|Any CPU
	EndGlobalSection
	GlobalSection(SolutionProperties) = preSolution
		HideSolutionNode = FALSE
	EndGlobalSection
	GlobalSection(ExtensibilityGlobals) = postSolution
		SolutionGuid = {CCC47E31-79E3-4CFE-9FD8-354E6B0CBBF6}
	EndGlobalSection
EndGlobal
